
Microsoft Visual Studio Solution File, Format Version 12.00
# Visual Studio 15
VisualStudioVersion = 15.0.27703.2026
MinimumVisualStudioVersion = 10.0.40219.1
Project("{FAE04EC0-301F-11D3-BF4B-00C04F79EFBC}") = "FormsComponents", "FormsComponents\FormsComponents\FormsComponents.csproj", "{F183428E-399B-42D1-92DC-54D1705F072D}"
EndProject
Global
	GlobalSection(SolutionConfigurationPlatforms) = preSolution
		Debug|Any CPU = Debug|Any CPU
		Release|Any CPU = Release|Any CPU
	EndGlobalSection
	GlobalSection(ProjectConfigurationPlatforms) = postSolution
		{F183428E-399B-42D1-92DC-54D1705F072D}.Debug|Any CPU.ActiveCfg = Debug|Any CPU
		{F183428E-399B-42D1-92DC-54D1705F072D}.Debug|Any CPU.Build.0 = Debug|Any CPU
		{F183428E-399B-42D1-92DC-54D1705F072D}.Debug|Any CPU.Deploy.0 = Debug|Any CPU
		{F183428E-399B-42D1-92DC-54D1705F072D}.Release|Any CPU.ActiveCfg = Release|Any CPU
		{F183428E-399B-42D1-92DC-54D1705F072D}.Release|Any CPU.Build.0 = Release|Any CPU
		{F183428E-399B-42D1-92DC-54D1705F072D}.Release|Any CPU.Deploy.0 = Release|Any CPU
	EndGlobalSection
	GlobalSection(SolutionProperties) = preSolution
		HideSolutionNode = FALSE
	EndGlobalSection
	GlobalSection(ExtensibilityGlobals) = postSolution
		SolutionGuid = {D4FF7E4A-4CE2-47F6-9F57-FFE8699EF88C}
	EndGlobalSection
EndGlobal
